
Microsoft Visual Studio Solution File, Format Version 12.00
# Visual Studio 15
VisualStudioVersion = 15.0.28307.705
MinimumVisualStudioVersion = 10.0.40219.1
Project("{FAE04EC0-301F-11D3-BF4B-00C04F79EFBC}") = "mainBackGroundForm", "mainBackGroundForm\mainBackGroundForm.csproj", "{2FCAE386-A4DB-4FF5-8E4A-1E6C1A531CEE}"
EndProject
Global
	GlobalSection(SolutionConfigurationPlatforms) = preSolution
		Debug|Any CPU = Debug|Any CPU
		Release|Any CPU = Release|Any CPU
	EndGlobalSection
	GlobalSection(ProjectConfigurationPlatforms) = postSolution
		{2FCAE386-A4DB-4FF5-8E4A-1E6C1A531CEE}.Debug|Any CPU.ActiveCfg = Debug|Any CPU
		{2FCAE386-A4DB-4FF5-8E4A-1E6C1A531CEE}.Debug|Any CPU.Build.0 = Debug|Any CPU
		{2FCAE386-A4DB-4FF5-8E4A-1E6C1A531CEE}.Release|Any CPU.ActiveCfg = Release|Any CPU
		{2FCAE386-A4DB-4FF5-8E4A-1E6C1A531CEE}.Release|Any CPU.Build.0 = Release|Any CPU
	EndGlobalSection
	GlobalSection(SolutionProperties) = preSolution
		HideSolutionNode = FALSE
	EndGlobalSection
	GlobalSection(ExtensibilityGlobals) = postSolution
		SolutionGuid = {82C1BE08-1779-4139-A0A1-28579427590A}
	EndGlobalSection
EndGlobal
